
Microsoft Visual Studio Solution File, Format Version 12.00
# Visual Studio Version 16
VisualStudioVersion = 16.0.28809.33
MinimumVisualStudioVersion = 10.0.40219.1
Project("{FAE04EC0-301F-11D3-BF4B-00C04F79EFBC}") = "FirstReactApp", "FirstReactApp.csproj", "{1D68EC80-4D31-4310-9400-3DFA72F3E707}"
EndProject
Global
	GlobalSection(SolutionConfigurationPlatforms) = preSolution
		Debug|Any CPU = Debug|Any CPU
		Release|Any CPU = Release|Any CPU
	EndGlobalSection
	GlobalSection(ProjectConfigurationPlatforms) = postSolution
		{1D68EC80-4D31-4310-9400-3DFA72F3E707}.Debug|Any CPU.ActiveCfg = Debug|Any CPU
		{1D68EC80-4D31-4310-9400-3DFA72F3E707}.Debug|Any CPU.Build.0 = Debug|Any CPU
		{1D68EC80-4D31-4310-9400-3DFA72F3E707}.Release|Any CPU.ActiveCfg = Release|Any CPU
		{1D68EC80-4D31-4310-9400-3DFA72F3E707}.Release|Any CPU.Build.0 = Release|Any CPU
	EndGlobalSection
	GlobalSection(SolutionProperties) = preSolution
		HideSolutionNode = FALSE
	EndGlobalSection
	GlobalSection(ExtensibilityGlobals) = postSolution
		SolutionGuid = {06DBD8CF-CB03-44F0-BA53-607E7443F2B2}
	EndGlobalSection
EndGlobal
